
Microsoft Visual Studio Solution File, Format Version 12.00
# Visual Studio 15
VisualStudioVersion = 15.0.28307.1525
MinimumVisualStudioVersion = 10.0.40219.1
Project("{8BC9CEB8-8B4A-11D0-8D11-00A0C91BC942}") = "Sandbox", "Sandbox\Sandbox.vcxproj", "{C840D5FA-069D-436C-8378-76C65FF130E3}"
EndProject
Project("{8BC9CEB8-8B4A-11D0-8D11-00A0C91BC942}") = "Osiris", "Osiris\Osiris.vcxproj", "{2D8FAD9D-4D90-497C-AB9C-32917D424C03}"
EndProject
Global
	GlobalSection(SolutionConfigurationPlatforms) = preSolution
		Debug|x64 = Debug|x64
		Release|x64 = Release|x64
	EndGlobalSection
	GlobalSection(ProjectConfigurationPlatforms) = postSolution
		{2D8FAD9D-4D90-497C-AB9C-32917D424C03}.Debug|x64.ActiveCfg = Debug|x64
		{2D8FAD9D-4D90-497C-AB9C-32917D424C03}.Debug|x64.Build.0 = Debug|x64
		{2D8FAD9D-4D90-497C-AB9C-32917D424C03}.Release|x64.ActiveCfg = Release|x64
		{2D8FAD9D-4D90-497C-AB9C-32917D424C03}.Release|x64.Build.0 = Release|x64
		{C840D5FA-069D-436C-8378-76C65FF130E3}.Debug|x64.ActiveCfg = Debug|x64
		{C840D5FA-069D-436C-8378-76C65FF130E3}.Debug|x64.Build.0 = Debug|x64
		{C840D5FA-069D-436C-8378-76C65FF130E3}.Release|x64.ActiveCfg = Release|x64
		{C840D5FA-069D-436C-8378-76C65FF130E3}.Release|x64.Build.0 = Release|x64
	EndGlobalSection
	GlobalSection(SolutionProperties) = preSolution
		HideSolutionNode = FALSE
	EndGlobalSection
	GlobalSection(ExtensibilityGlobals) = postSolution
		SolutionGuid = {0BF72B25-9D4C-493F-B5DE-3E9DD424FB2D}
	EndGlobalSection
EndGlobal
